// !$*UTF8*$!
{
	archiveVersion = 1;
	classes = {
	};
	objectVersion = 48;
	objects = {

/* Begin PBXBuildFile section */
		7D46FEFF1F5E41F000FEB0F8 /* XPCListener.m in Sources */ = {isa = PBXBuildFile; fileRef = 7D46FEFD1F5E41F000FEB0F8 /* XPCListener.m */; };
		7D4FF3721F0B6D3100A59A05 /* KextComms.m in Sources */ = {isa = PBXBuildFile; fileRef = 7D4FF3701F0B6D3100A59A05 /* KextComms.m */; };
		7D4FF37B1F0C2DB300A59A05 /* Rules.m in Sources */ = {isa = PBXBuildFile; fileRef = 7D4FF37A1F0C2DB300A59A05 /* Rules.m */; };
		7D4FF8C41F0E1402001A4A68 /* libbsm.tbd in Frameworks */ = {isa = PBXBuildFile; fileRef = 7D4FF8C31F0E1402001A4A68 /* libbsm.tbd */; };
		7D4FF8C91F0E1770001A4A68 /* ProcListener.m in Sources */ = {isa = PBXBuildFile; fileRef = 7D4FF8C81F0E1770001A4A68 /* ProcListener.m */; };
		7D4FF8CD1F0EF2F9001A4A68 /* XPCDaemon.m in Sources */ = {isa = PBXBuildFile; fileRef = 7D4FF8CC1F0EF2F9001A4A68 /* XPCDaemon.m */; };
		7D6E87701F3AE6FA00D6BD7C /* libprocInfo.a in Frameworks */ = {isa = PBXBuildFile; fileRef = 7D6E876F1F3AE6FA00D6BD7C /* libprocInfo.a */; };
		7D7755D41F02DF9500D0017D /* main.m in Sources */ = {isa = PBXBuildFile; fileRef = 7D7755D31F02DF9500D0017D /* main.m */; };
		7D7755F91F02E1F400D0017D /* KextListener.m in Sources */ = {isa = PBXBuildFile; fileRef = 7D7755F71F02E1F400D0017D /* KextListener.m */; };
		7D7755FC1F02EBBE00D0017D /* logging.m in Sources */ = {isa = PBXBuildFile; fileRef = 7D7755FA1F02EBBE00D0017D /* logging.m */; };
		7DD2BF5C1F1DAEFD00B33214 /* Rule.m in Sources */ = {isa = PBXBuildFile; fileRef = 7DD2BF5A1F1DAEFD00B33214 /* Rule.m */; };
		7DD2BF681F1DC42700B33214 /* utilities.m in Sources */ = {isa = PBXBuildFile; fileRef = 7DD2BF671F1DC42700B33214 /* utilities.m */; };
		CD214FF720ABC53A00CEF17B /* GrayList.m in Sources */ = {isa = PBXBuildFile; fileRef = CD214FF620ABC53A00CEF17B /* GrayList.m */; };
		CD2E667C208D7D09001B5435 /* Baseline.m in Sources */ = {isa = PBXBuildFile; fileRef = CD2E667B208D7D09001B5435 /* Baseline.m */; };
		CD32C22820900F50009CADF6 /* LuLu in CopyFiles */ = {isa = PBXBuildFile; fileRef = 7D7755D01F02DF9500D0017D /* LuLu */; settings = {ATTRIBUTES = (CodeSignOnCopy, ); }; };
		CD6B484820AD33DE00A9BE71 /* Sentry.framework in Copy Frameworks */ = {isa = PBXBuildFile; fileRef = CD6B484720AD33DD00A9BE71 /* Sentry.framework */; settings = {ATTRIBUTES = (CodeSignOnCopy, RemoveHeadersOnCopy, ); }; };
		CD6CAC70209FB29700188B0A /* Alerts.m in Sources */ = {isa = PBXBuildFile; fileRef = CD6CAC6F209FB29600188B0A /* Alerts.m */; };
		CDAFF457203FB23800F27635 /* Preferences.m in Sources */ = {isa = PBXBuildFile; fileRef = CDAFF456203FB23800F27635 /* Preferences.m */; };
		CDFA08D62140CB100089758C /* XPCUserClient.m in Sources */ = {isa = PBXBuildFile; fileRef = CDFA08D52140CB100089758C /* XPCUserClient.m */; };
/* End PBXBuildFile section */

/* Begin PBXContainerItemProxy section */
		CD32C22320900F24009CADF6 /* PBXContainerItemProxy */ = {
			isa = PBXContainerItemProxy;
			containerPortal = 7D7755C81F02DF9400D0017D /* Project object */;
			proxyType = 1;
			remoteGlobalIDString = 7D7755CF1F02DF9500D0017D;
			remoteInfo = launchDaemon;
		};
/* End PBXContainerItemProxy section */

/* Begin PBXCopyFilesBuildPhase section */
		CD32C22720900F40009CADF6 /* CopyFiles */ = {
			isa = PBXCopyFilesBuildPhase;
			buildActionMask = 2147483647;
			dstPath = "";
			dstSubfolderSpec = 6;
			files = (
				CD32C22820900F50009CADF6 /* LuLu in CopyFiles */,
			);
			runOnlyForDeploymentPostprocessing = 0;
		};
		CD32C22920900F67009CADF6 /* Copy Frameworks */ = {
			isa = PBXCopyFilesBuildPhase;
			buildActionMask = 2147483647;
			dstPath = "";
			dstSubfolderSpec = 10;
			files = (
				CD6B484820AD33DE00A9BE71 /* Sentry.framework in Copy Frameworks */,
			);
			name = "Copy Frameworks";
			runOnlyForDeploymentPostprocessing = 0;
		};
/* End PBXCopyFilesBuildPhase section */

/* Begin PBXFileReference section */
		7D46FEFD1F5E41F000FEB0F8 /* XPCListener.m */ = {isa = PBXFileReference; fileEncoding = 4; lastKnownFileType = sourcecode.c.objc; path = XPCListener.m; sourceTree = "<group>"; };
		7D46FEFE1F5E41F000FEB0F8 /* XPCListener.h */ = {isa = PBXFileReference; fileEncoding = 4; lastKnownFileType = sourcecode.c.h; path = XPCListener.h; sourceTree = "<group>"; };
		7D4FF3701F0B6D3100A59A05 /* KextComms.m */ = {isa = PBXFileReference; fileEncoding = 4; lastKnownFileType = sourcecode.c.objc; path = KextComms.m; sourceTree = "<group>"; };
		7D4FF3711F0B6D3100A59A05 /* KextComms.h */ = {isa = PBXFileReference; fileEncoding = 4; lastKnownFileType = sourcecode.c.h; path = KextComms.h; sourceTree = "<group>"; };
		7D4FF37A1F0C2DB300A59A05 /* Rules.m */ = {isa = PBXFileReference; fileEncoding = 4; lastKnownFileType = sourcecode.c.objc; path = Rules.m; sourceTree = "<group>"; };
		7D4FF8C31F0E1402001A4A68 /* libbsm.tbd */ = {isa = PBXFileReference; lastKnownFileType = "sourcecode.text-based-dylib-definition"; name = libbsm.tbd; path = usr/lib/libbsm.tbd; sourceTree = SDKROOT; };
		7D4FF8C51F0E14E8001A4A68 /* ProcListener.h */ = {isa = PBXFileReference; fileEncoding = 4; lastKnownFileType = sourcecode.c.h; path = ProcListener.h; sourceTree = "<group>"; };
		7D4FF8C81F0E1770001A4A68 /* ProcListener.m */ = {isa = PBXFileReference; fileEncoding = 4; lastKnownFileType = sourcecode.c.objc; path = ProcListener.m; sourceTree = "<group>"; };
		7D4FF8CB1F0EF2F9001A4A68 /* XPCDaemon.h */ = {isa = PBXFileReference; fileEncoding = 4; lastKnownFileType = sourcecode.c.h; path = XPCDaemon.h; sourceTree = "<group>"; };
		7D4FF8CC1F0EF2F9001A4A68 /* XPCDaemon.m */ = {isa = PBXFileReference; fileEncoding = 4; lastKnownFileType = sourcecode.c.objc; path = XPCDaemon.m; sourceTree = "<group>"; };
		7D6E876F1F3AE6FA00D6BD7C /* libprocInfo.a */ = {isa = PBXFileReference; lastKnownFileType = archive.ar; name = libprocInfo.a; path = ../shared/libs/libprocInfo.a; sourceTree = "<group>"; };
		7D7755D01F02DF9500D0017D /* LuLu */ = {isa = PBXFileReference; explicitFileType = "compiled.mach-o.executable"; includeInIndex = 0; path = LuLu; sourceTree = BUILT_PRODUCTS_DIR; };
		7D7755D31F02DF9500D0017D /* main.m */ = {isa = PBXFileReference; lastKnownFileType = sourcecode.c.objc; path = main.m; sourceTree = "<group>"; };
		7D7755F71F02E1F400D0017D /* KextListener.m */ = {isa = PBXFileReference; fileEncoding = 4; lastKnownFileType = sourcecode.c.objc; path = KextListener.m; sourceTree = "<group>"; };
		7D7755F81F02E1F400D0017D /* KextListener.h */ = {isa = PBXFileReference; fileEncoding = 4; lastKnownFileType = sourcecode.c.h; path = KextListener.h; sourceTree = "<group>"; };
		7D7755FA1F02EBBE00D0017D /* logging.m */ = {isa = PBXFileReference; fileEncoding = 4; lastKnownFileType = sourcecode.c.objc; name = logging.m; path = ../../shared/logging.m; sourceTree = "<group>"; };
		7D7755FB1F02EBBE00D0017D /* logging.h */ = {isa = PBXFileReference; fileEncoding = 4; lastKnownFileType = sourcecode.c.h; name = logging.h; path = ../../shared/logging.h; sourceTree = "<group>"; };
		7D7755FD1F02EC1800D0017D /* consts.h */ = {isa = PBXFileReference; fileEncoding = 4; lastKnownFileType = sourcecode.c.h; name = consts.h; path = ../../shared/consts.h; sourceTree = "<group>"; };
		7D7756081F05D63E00D0017D /* UserClientShared.h */ = {isa = PBXFileReference; fileEncoding = 4; lastKnownFileType = sourcecode.c.h; name = UserClientShared.h; path = ../../shared/UserClientShared.h; sourceTree = "<group>"; };
		7DD2BF5A1F1DAEFD00B33214 /* Rule.m */ = {isa = PBXFileReference; fileEncoding = 4; lastKnownFileType = sourcecode.c.objc; name = Rule.m; path = ../../shared/Rule.m; sourceTree = "<group>"; };
		7DD2BF611F1DAFF800B33214 /* Rule.h */ = {isa = PBXFileReference; fileEncoding = 4; lastKnownFileType = sourcecode.c.h; name = Rule.h; path = ../../shared/Rule.h; sourceTree = "<group>"; };
		7DD2BF621F1DC30600B33214 /* Rules.h */ = {isa = PBXFileReference; fileEncoding = 4; lastKnownFileType = sourcecode.c.h; path = Rules.h; sourceTree = "<group>"; };
		7DD2BF661F1DC42700B33214 /* utilities.h */ = {isa = PBXFileReference; fileEncoding = 4; lastKnownFileType = sourcecode.c.h; name = utilities.h; path = ../../shared/utilities.h; sourceTree = "<group>"; };
		7DD2BF671F1DC42700B33214 /* utilities.m */ = {isa = PBXFileReference; fileEncoding = 4; lastKnownFileType = sourcecode.c.objc; name = utilities.m; path = ../../shared/utilities.m; sourceTree = "<group>"; };
		CD214FF520ABC53A00CEF17B /* GrayList.h */ = {isa = PBXFileReference; lastKnownFileType = sourcecode.c.h; path = GrayList.h; sourceTree = "<group>"; };
		CD214FF620ABC53A00CEF17B /* GrayList.m */ = {isa = PBXFileReference; lastKnownFileType = sourcecode.c.objc; path = GrayList.m; sourceTree = "<group>"; };
		CD2E667A208D7D09001B5435 /* Baseline.h */ = {isa = PBXFileReference; fileEncoding = 4; lastKnownFileType = sourcecode.c.h; path = Baseline.h; sourceTree = "<group>"; };
		CD2E667B208D7D09001B5435 /* Baseline.m */ = {isa = PBXFileReference; fileEncoding = 4; lastKnownFileType = sourcecode.c.objc; path = Baseline.m; sourceTree = "<group>"; };
		CD32C21D20900D36009CADF6 /* LuLu.bundle */ = {isa = PBXFileReference; explicitFileType = wrapper.cfbundle; includeInIndex = 0; path = LuLu.bundle; sourceTree = BUILT_PRODUCTS_DIR; };
		CD32C21F20900D36009CADF6 /* Info.plist */ = {isa = PBXFileReference; lastKnownFileType = text.plist.xml; path = Info.plist; sourceTree = "<group>"; };
		CD55171A210CD65700CE066C /* main.h */ = {isa = PBXFileReference; lastKnownFileType = sourcecode.c.h; path = main.h; sourceTree = "<group>"; };
		CD6B484720AD33DD00A9BE71 /* Sentry.framework */ = {isa = PBXFileReference; lastKnownFileType = wrapper.framework; name = Sentry.framework; path = ../Carthage/Build/Mac/Sentry.framework; sourceTree = "<group>"; };
		CD6CAC6E209FB29500188B0A /* Alerts.h */ = {isa = PBXFileReference; fileEncoding = 4; lastKnownFileType = sourcecode.c.h; path = Alerts.h; sourceTree = "<group>"; };
		CD6CAC6F209FB29600188B0A /* Alerts.m */ = {isa = PBXFileReference; fileEncoding = 4; lastKnownFileType = sourcecode.c.objc; path = Alerts.m; sourceTree = "<group>"; };
		CDAFF432203E55C600F27635 /* procInfo.h */ = {isa = PBXFileReference; fileEncoding = 4; lastKnownFileType = sourcecode.c.h; name = procInfo.h; path = ../../shared/libs/procInfo.h; sourceTree = "<group>"; };
		CDAFF455203FB23800F27635 /* Preferences.h */ = {isa = PBXFileReference; lastKnownFileType = sourcecode.c.h; path = Preferences.h; sourceTree = "<group>"; };
		CDAFF456203FB23800F27635 /* Preferences.m */ = {isa = PBXFileReference; lastKnownFileType = sourcecode.c.objc; path = Preferences.m; sourceTree = "<group>"; };
		CDFA08D22140C1890089758C /* XPCUserProto.h */ = {isa = PBXFileReference; fileEncoding = 4; lastKnownFileType = sourcecode.c.h; name = XPCUserProto.h; path = ../../shared/XPCUserProto.h; sourceTree = "<group>"; };
		CDFA08D32140C1890089758C /* XPCDaemonProto.h */ = {isa = PBXFileReference; fileEncoding = 4; lastKnownFileType = sourcecode.c.h; name = XPCDaemonProto.h; path = ../../shared/XPCDaemonProto.h; sourceTree = "<group>"; };
		CDFA08D42140CB100089758C /* XPCUserClient.h */ = {isa = PBXFileReference; fileEncoding = 4; lastKnownFileType = sourcecode.c.h; path = XPCUserClient.h; sourceTree = "<group>"; };
		CDFA08D52140CB100089758C /* XPCUserClient.m */ = {isa = PBXFileReference; fileEncoding = 4; lastKnownFileType = sourcecode.c.objc; path = XPCUserClient.m; sourceTree = "<group>"; };
/* End PBXFileReference section */

/* Begin PBXFrameworksBuildPhase section */
		7D7755CD1F02DF9500D0017D /* Frameworks */ = {
			isa = PBXFrameworksBuildPhase;
			buildActionMask = 2147483647;
			files = (
				7D4FF8C41F0E1402001A4A68 /* libbsm.tbd in Frameworks */,
				7D6E87701F3AE6FA00D6BD7C /* libprocInfo.a in Frameworks */,
			);
			runOnlyForDeploymentPostprocessing = 0;
		};
		CD32C21A20900D36009CADF6 /* Frameworks */ = {
			isa = PBXFrameworksBuildPhase;
			buildActionMask = 2147483647;
			files = (
			);
			runOnlyForDeploymentPostprocessing = 0;
		};
/* End PBXFrameworksBuildPhase section */

/* Begin PBXGroup section */
		7D4FF8BF1F0E12F1001A4A68 /* Frameworks */ = {
			isa = PBXGroup;
			children = (
				7D4FF8C31F0E1402001A4A68 /* libbsm.tbd */,
				7D6E876F1F3AE6FA00D6BD7C /* libprocInfo.a */,
			);
			name = Frameworks;
			sourceTree = "<group>";
		};
		7D7755C71F02DF9400D0017D = {
			isa = PBXGroup;
			children = (
				CD6B484720AD33DD00A9BE71 /* Sentry.framework */,
				7D7755D21F02DF9500D0017D /* Src */,
				CD32C21E20900D36009CADF6 /* launchDaemonBundle */,
				7D4FF8BF1F0E12F1001A4A68 /* Frameworks */,
				7D7755D11F02DF9500D0017D /* Products */,
			);
			sourceTree = "<group>";
		};
		7D7755D11F02DF9500D0017D /* Products */ = {
			isa = PBXGroup;
			children = (
				7D7755D01F02DF9500D0017D /* LuLu */,
				CD32C21D20900D36009CADF6 /* LuLu.bundle */,
			);
			name = Products;
			sourceTree = "<group>";
		};
		7D7755D21F02DF9500D0017D /* Src */ = {
			isa = PBXGroup;
			children = (
				7D7756071F05D62E00D0017D /* Shared */,
				CD214FF520ABC53A00CEF17B /* GrayList.h */,
				CD214FF620ABC53A00CEF17B /* GrayList.m */,
				CD6CAC6E209FB29500188B0A /* Alerts.h */,
				CD6CAC6F209FB29600188B0A /* Alerts.m */,
				CD55171A210CD65700CE066C /* main.h */,
				7D7755D31F02DF9500D0017D /* main.m */,
				CD2E667A208D7D09001B5435 /* Baseline.h */,
				CD2E667B208D7D09001B5435 /* Baseline.m */,
				7D4FF3711F0B6D3100A59A05 /* KextComms.h */,
				7D4FF3701F0B6D3100A59A05 /* KextComms.m */,
				7D7755F81F02E1F400D0017D /* KextListener.h */,
				7D7755F71F02E1F400D0017D /* KextListener.m */,
				7D4FF8C51F0E14E8001A4A68 /* ProcListener.h */,
				7D4FF8C81F0E1770001A4A68 /* ProcListener.m */,
				CDAFF455203FB23800F27635 /* Preferences.h */,
				CDAFF456203FB23800F27635 /* Preferences.m */,
				7DD2BF621F1DC30600B33214 /* Rules.h */,
				7D4FF37A1F0C2DB300A59A05 /* Rules.m */,
				7D4FF8CB1F0EF2F9001A4A68 /* XPCDaemon.h */,
				7D4FF8CC1F0EF2F9001A4A68 /* XPCDaemon.m */,
				7D46FEFE1F5E41F000FEB0F8 /* XPCListener.h */,
				7D46FEFD1F5E41F000FEB0F8 /* XPCListener.m */,
				CDFA08D42140CB100089758C /* XPCUserClient.h */,
				CDFA08D52140CB100089758C /* XPCUserClient.m */,
			);
			name = Src;
			path = launchDaemon;
			sourceTree = "<group>";
		};
		7D7756071F05D62E00D0017D /* Shared */ = {
			isa = PBXGroup;
			children = (
				CDFA08D32140C1890089758C /* XPCDaemonProto.h */,
				CDFA08D22140C1890089758C /* XPCUserProto.h */,
				CDAFF432203E55C600F27635 /* procInfo.h */,
				7DD2BF661F1DC42700B33214 /* utilities.h */,
				7DD2BF671F1DC42700B33214 /* utilities.m */,
				7DD2BF611F1DAFF800B33214 /* Rule.h */,
				7DD2BF5A1F1DAEFD00B33214 /* Rule.m */,
				7D7756081F05D63E00D0017D /* UserClientShared.h */,
				7D7755FD1F02EC1800D0017D /* consts.h */,
				7D7755FA1F02EBBE00D0017D /* logging.m */,
				7D7755FB1F02EBBE00D0017D /* logging.h */,
			);
			name = Shared;
			sourceTree = "<group>";
		};
		CD32C21E20900D36009CADF6 /* launchDaemonBundle */ = {
			isa = PBXGroup;
			children = (
				CD32C21F20900D36009CADF6 /* Info.plist */,
			);
			path = launchDaemonBundle;
			sourceTree = "<group>";
		};
/* End PBXGroup section */

/* Begin PBXNativeTarget section */
		7D7755CF1F02DF9500D0017D /* launchDaemon */ = {
			isa = PBXNativeTarget;
			buildConfigurationList = 7D7755D71F02DF9500D0017D /* Build configuration list for PBXNativeTarget "launchDaemon" */;
			buildPhases = (
				7D7755CC1F02DF9500D0017D /* Sources */,
				7D7755CD1F02DF9500D0017D /* Frameworks */,
			);
			buildRules = (
			);
			dependencies = (
			);
			name = launchDaemon;
			productName = launchDaemon;
			productReference = 7D7755D01F02DF9500D0017D /* LuLu */;
			productType = "com.apple.product-type.tool";
		};
		CD32C21C20900D36009CADF6 /* launchDaemonBundle */ = {
			isa = PBXNativeTarget;
			buildConfigurationList = CD32C22220900D36009CADF6 /* Build configuration list for PBXNativeTarget "launchDaemonBundle" */;
			buildPhases = (
				CD32C21920900D36009CADF6 /* Sources */,
				CD32C21A20900D36009CADF6 /* Frameworks */,
				CD32C21B20900D36009CADF6 /* Resources */,
				CD32C22720900F40009CADF6 /* CopyFiles */,
				CD32C22920900F67009CADF6 /* Copy Frameworks */,
			);
			buildRules = (
			);
			dependencies = (
				CD32C22420900F24009CADF6 /* PBXTargetDependency */,
			);
			name = launchDaemonBundle;
			productName = launchDaemonBundle;
			productReference = CD32C21D20900D36009CADF6 /* LuLu.bundle */;
			productType = "com.apple.product-type.bundle";
		};
/* End PBXNativeTarget section */

/* Begin PBXProject section */
		7D7755C81F02DF9400D0017D /* Project object */ = {
			isa = PBXProject;
			attributes = {
				LastUpgradeCheck = 1000;
				ORGANIZATIONNAME = "Objective-See";
				TargetAttributes = {
					7D7755CF1F02DF9500D0017D = {
						CreatedOnToolsVersion = 8.2.1;
						DevelopmentTeam = VBG97UB4TA;
						ProvisioningStyle = Manual;
					};
					CD32C21C20900D36009CADF6 = {
						CreatedOnToolsVersion = 9.2;
						ProvisioningStyle = Manual;
					};
				};
			};
			buildConfigurationList = 7D7755CB1F02DF9400D0017D /* Build configuration list for PBXProject "launchDaemon" */;
			compatibilityVersion = "Xcode 8.0";
			developmentRegion = English;
			hasScannedForEncodings = 0;
			knownRegions = (
				English,
				en,
			);
			mainGroup = 7D7755C71F02DF9400D0017D;
			productRefGroup = 7D7755D11F02DF9500D0017D /* Products */;
			projectDirPath = "";
			projectRoot = "";
			targets = (
				7D7755CF1F02DF9500D0017D /* launchDaemon */,
				CD32C21C20900D36009CADF6 /* launchDaemonBundle */,
			);
		};
/* End PBXProject section */

/* Begin PBXResourcesBuildPhase section */
		CD32C21B20900D36009CADF6 /* Resources */ = {
			isa = PBXResourcesBuildPhase;
			buildActionMask = 2147483647;
			files = (
			);
			runOnlyForDeploymentPostprocessing = 0;
		};
/* End PBXResourcesBuildPhase section */

/* Begin PBXSourcesBuildPhase section */
		7D7755CC1F02DF9500D0017D /* Sources */ = {
			isa = PBXSourcesBuildPhase;
			buildActionMask = 2147483647;
			files = (
				7D46FEFF1F5E41F000FEB0F8 /* XPCListener.m in Sources */,
				7D7755F91F02E1F400D0017D /* KextListener.m in Sources */,
				7DD2BF5C1F1DAEFD00B33214 /* Rule.m in Sources */,
				CDFA08D62140CB100089758C /* XPCUserClient.m in Sources */,
				CD214FF720ABC53A00CEF17B /* GrayList.m in Sources */,
				7D4FF37B1F0C2DB300A59A05 /* Rules.m in Sources */,
				7DD2BF681F1DC42700B33214 /* utilities.m in Sources */,
				7D4FF8C91F0E1770001A4A68 /* ProcListener.m in Sources */,
				7D7755D41F02DF9500D0017D /* main.m in Sources */,
				CDAFF457203FB23800F27635 /* Preferences.m in Sources */,
				7D4FF8CD1F0EF2F9001A4A68 /* XPCDaemon.m in Sources */,
				CD2E667C208D7D09001B5435 /* Baseline.m in Sources */,
				CD6CAC70209FB29700188B0A /* Alerts.m in Sources */,
				7D7755FC1F02EBBE00D0017D /* logging.m in Sources */,
				7D4FF3721F0B6D3100A59A05 /* KextComms.m in Sources */,
			);
			runOnlyForDeploymentPostprocessing = 0;
		};
		CD32C21920900D36009CADF6 /* Sources */ = {
			isa = PBXSourcesBuildPhase;
			buildActionMask = 2147483647;
			files = (
			);
			runOnlyForDeploymentPostprocessing = 0;
		};
/* End PBXSourcesBuildPhase section */

/* Begin PBXTargetDependency section */
		CD32C22420900F24009CADF6 /* PBXTargetDependency */ = {
			isa = PBXTargetDependency;
			target = 7D7755CF1F02DF9500D0017D /* launchDaemon */;
			targetProxy = CD32C22320900F24009CADF6 /* PBXContainerItemProxy */;
		};
/* End PBXTargetDependency section */

/* Begin XCBuildConfiguration section */
		7D7755D51F02DF9500D0017D /* Debug */ = {
			isa = XCBuildConfiguration;
			buildSettings = {
				ALWAYS_SEARCH_USER_PATHS = NO;
				CLANG_ANALYZER_NONNULL = YES;
				CLANG_CXX_LANGUAGE_STANDARD = "gnu++0x";
				CLANG_CXX_LIBRARY = "libc++";
				CLANG_ENABLE_MODULES = YES;
				CLANG_ENABLE_OBJC_ARC = YES;
				CLANG_WARN_BLOCK_CAPTURE_AUTORELEASING = YES;
				CLANG_WARN_BOOL_CONVERSION = YES;
				CLANG_WARN_COMMA = YES;
				CLANG_WARN_CONSTANT_CONVERSION = YES;
				CLANG_WARN_DEPRECATED_OBJC_IMPLEMENTATIONS = YES;
				CLANG_WARN_DIRECT_OBJC_ISA_USAGE = YES_ERROR;
				CLANG_WARN_DOCUMENTATION_COMMENTS = YES;
				CLANG_WARN_EMPTY_BODY = YES;
				CLANG_WARN_ENUM_CONVERSION = YES;
				CLANG_WARN_INFINITE_RECURSION = YES;
				CLANG_WARN_INT_CONVERSION = YES;
				CLANG_WARN_NON_LITERAL_NULL_CONVERSION = YES;
				CLANG_WARN_OBJC_IMPLICIT_RETAIN_SELF = YES;
				CLANG_WARN_OBJC_LITERAL_CONVERSION = YES;
				CLANG_WARN_OBJC_ROOT_CLASS = YES_ERROR;
				CLANG_WARN_RANGE_LOOP_ANALYSIS = YES;
				CLANG_WARN_STRICT_PROTOTYPES = YES;
				CLANG_WARN_SUSPICIOUS_MOVE = YES;
				CLANG_WARN_UNREACHABLE_CODE = YES;
				CLANG_WARN__DUPLICATE_METHOD_MATCH = YES;
				CODE_SIGN_IDENTITY = "Developer ID Application";
				CODE_SIGN_STYLE = Manual;
				COPY_PHASE_STRIP = NO;
				DEBUG_INFORMATION_FORMAT = dwarf;
				ENABLE_STRICT_OBJC_MSGSEND = YES;
				ENABLE_TESTABILITY = YES;
				GCC_C_LANGUAGE_STANDARD = gnu99;
				GCC_DYNAMIC_NO_PIC = NO;
				GCC_NO_COMMON_BLOCKS = YES;
				GCC_OPTIMIZATION_LEVEL = 0;
				GCC_PREPROCESSOR_DEFINITIONS = (
					"DEBUG=1",
					"$(inherited)",
				);
				GCC_WARN_64_TO_32_BIT_CONVERSION = YES;
				GCC_WARN_ABOUT_RETURN_TYPE = YES_ERROR;
				GCC_WARN_UNDECLARED_SELECTOR = YES;
				GCC_WARN_UNINITIALIZED_AUTOS = YES_AGGRESSIVE;
				GCC_WARN_UNUSED_FUNCTION = YES;
				GCC_WARN_UNUSED_VARIABLE = YES;
				MACOSX_DEPLOYMENT_TARGET = 10.12;
				MTL_ENABLE_DEBUG_INFO = YES;
				ONLY_ACTIVE_ARCH = YES;
				SDKROOT = macosx10.14;
			};
			name = Debug;
		};
		7D7755D61F02DF9500D0017D /* Release */ = {
			isa = XCBuildConfiguration;
			buildSettings = {
				ALWAYS_SEARCH_USER_PATHS = NO;
				CLANG_ANALYZER_NONNULL = YES;
				CLANG_CXX_LANGUAGE_STANDARD = "gnu++0x";
				CLANG_CXX_LIBRARY = "libc++";
				CLANG_ENABLE_MODULES = YES;
				CLANG_ENABLE_OBJC_ARC = YES;
				CLANG_WARN_BLOCK_CAPTURE_AUTORELEASING = YES;
				CLANG_WARN_BOOL_CONVERSION = YES;
				CLANG_WARN_COMMA = YES;
				CLANG_WARN_CONSTANT_CONVERSION = YES;
				CLANG_WARN_DEPRECATED_OBJC_IMPLEMENTATIONS = YES;
				CLANG_WARN_DIRECT_OBJC_ISA_USAGE = YES_ERROR;
				CLANG_WARN_DOCUMENTATION_COMMENTS = YES;
				CLANG_WARN_EMPTY_BODY = YES;
				CLANG_WARN_ENUM_CONVERSION = YES;
				CLANG_WARN_INFINITE_RECURSION = YES;
				CLANG_WARN_INT_CONVERSION = YES;
				CLANG_WARN_NON_LITERAL_NULL_CONVERSION = YES;
				CLANG_WARN_OBJC_IMPLICIT_RETAIN_SELF = YES;
				CLANG_WARN_OBJC_LITERAL_CONVERSION = YES;
				CLANG_WARN_OBJC_ROOT_CLASS = YES_ERROR;
				CLANG_WARN_RANGE_LOOP_ANALYSIS = YES;
				CLANG_WARN_STRICT_PROTOTYPES = YES;
				CLANG_WARN_SUSPICIOUS_MOVE = YES;
				CLANG_WARN_UNREACHABLE_CODE = YES;
				CLANG_WARN__DUPLICATE_METHOD_MATCH = YES;
				CODE_SIGN_IDENTITY = "Developer ID Application";
				CODE_SIGN_STYLE = Manual;
				COPY_PHASE_STRIP = NO;
				DEBUG_INFORMATION_FORMAT = "dwarf-with-dsym";
				ENABLE_NS_ASSERTIONS = NO;
				ENABLE_STRICT_OBJC_MSGSEND = YES;
				GCC_C_LANGUAGE_STANDARD = gnu99;
				GCC_NO_COMMON_BLOCKS = YES;
				GCC_WARN_64_TO_32_BIT_CONVERSION = YES;
				GCC_WARN_ABOUT_RETURN_TYPE = YES_ERROR;
				GCC_WARN_UNDECLARED_SELECTOR = YES;
				GCC_WARN_UNINITIALIZED_AUTOS = YES_AGGRESSIVE;
				GCC_WARN_UNUSED_FUNCTION = YES;
				GCC_WARN_UNUSED_VARIABLE = YES;
				MACOSX_DEPLOYMENT_TARGET = 10.12;
				MTL_ENABLE_DEBUG_INFO = NO;
				SDKROOT = macosx10.14;
			};
			name = Release;
		};
		7D7755D81F02DF9500D0017D /* Debug */ = {
			isa = XCBuildConfiguration;
			buildSettings = {
				CODE_SIGN_IDENTITY = "Developer ID Application";
				DEVELOPMENT_TEAM = VBG97UB4TA;
				ENABLE_HARDENED_RUNTIME = YES;
				FRAMEWORK_SEARCH_PATHS = "$(PROJECT_DIR)/../Carthage/Build/Mac";
				LIBRARY_SEARCH_PATHS = (
					"$(PROJECT_DIR)/../shared/libs",
					"$(inherited)",
				);
				OTHER_CFLAGS = "-DLAUNCH_DAEMON=1";
				OTHER_CODE_SIGN_FLAGS = "-o hard,kill,library";
				OTHER_LDFLAGS = "-Wl,-sectcreate,__RESTRICT,__restrict,/dev/null";
				PRODUCT_NAME = LuLu;
				SDKROOT = macosx10.14;
				SKIP_INSTALL = YES;
			};
			name = Debug;
		};
		7D7755D91F02DF9500D0017D /* Release */ = {
			isa = XCBuildConfiguration;
			buildSettings = {
				CODE_SIGN_IDENTITY = "Developer ID Application";
				DEVELOPMENT_TEAM = VBG97UB4TA;
				ENABLE_HARDENED_RUNTIME = YES;
				FRAMEWORK_SEARCH_PATHS = "$(PROJECT_DIR)/../Carthage/Build/Mac";
				LIBRARY_SEARCH_PATHS = (
					"$(PROJECT_DIR)/../shared/libs",
					"$(inherited)",
				);
				OTHER_CFLAGS = "-DLAUNCH_DAEMON=1";
				OTHER_CODE_SIGN_FLAGS = "-o hard,kill,library";
				OTHER_LDFLAGS = "-Wl,-sectcreate,__RESTRICT,__restrict,/dev/null";
				PRODUCT_NAME = LuLu;
				SDKROOT = macosx10.14;
				SKIP_INSTALL = YES;
			};
			name = Release;
		};
		CD32C22020900D36009CADF6 /* Debug */ = {
			isa = XCBuildConfiguration;
			buildSettings = {
				CLANG_ANALYZER_NUMBER_OBJECT_CONVERSION = YES_AGGRESSIVE;
				CLANG_CXX_LANGUAGE_STANDARD = "gnu++14";
				CLANG_WARN_UNGUARDED_AVAILABILITY = YES_AGGRESSIVE;
				CODE_SIGN_IDENTITY = "Developer ID Application";
				CODE_SIGN_STYLE = Manual;
				COMBINE_HIDPI_IMAGES = YES;
				DEVELOPMENT_TEAM = VBG97UB4TA;
				ENABLE_HARDENED_RUNTIME = YES;
				GCC_C_LANGUAGE_STANDARD = gnu11;
				INFOPLIST_FILE = launchDaemonBundle/Info.plist;
				INSTALL_PATH = "$(LOCAL_LIBRARY_DIR)/Bundles";
				MACOSX_DEPLOYMENT_TARGET = 10.12;
				OTHER_CFLAGS = "-DLAUNCH_DAEMON=1";
				OTHER_CODE_SIGN_FLAGS = "-o hard,kill,library";
				PRODUCT_BUNDLE_IDENTIFIER = "com.objective-see.lulu.bundle";
				PRODUCT_NAME = LuLu;
				PROVISIONING_PROFILE_SPECIFIER = "";
				SDKROOT = macosx10.14;
				SKIP_INSTALL = YES;
				WRAPPER_EXTENSION = bundle;
			};
			name = Debug;
		};
		CD32C22120900D36009CADF6 /* Release */ = {
			isa = XCBuildConfiguration;
			buildSettings = {
				CLANG_ANALYZER_NUMBER_OBJECT_CONVERSION = YES_AGGRESSIVE;
				CLANG_CXX_LANGUAGE_STANDARD = "gnu++14";
				CLANG_WARN_UNGUARDED_AVAILABILITY = YES_AGGRESSIVE;
				CODE_SIGN_IDENTITY = "Developer ID Application";
				CODE_SIGN_STYLE = Manual;
				COMBINE_HIDPI_IMAGES = YES;
				DEVELOPMENT_TEAM = VBG97UB4TA;
				ENABLE_HARDENED_RUNTIME = YES;
				GCC_C_LANGUAGE_STANDARD = gnu11;
				INFOPLIST_FILE = launchDaemonBundle/Info.plist;
				INSTALL_PATH = "$(LOCAL_LIBRARY_DIR)/Bundles";
				MACOSX_DEPLOYMENT_TARGET = 10.12;
				OTHER_CFLAGS = "-DLAUNCH_DAEMON=1";
				OTHER_CODE_SIGN_FLAGS = "-o hard,kill,library";
				PRODUCT_BUNDLE_IDENTIFIER = "com.objective-see.lulu.bundle";
				PRODUCT_NAME = LuLu;
				PROVISIONING_PROFILE_SPECIFIER = "";
				SDKROOT = macosx10.14;
				SKIP_INSTALL = YES;
				WRAPPER_EXTENSION = bundle;
			};
			name = Release;
		};
/* End XCBuildConfiguration section */

/* Begin XCConfigurationList section */
		7D7755CB1F02DF9400D0017D /* Build configuration list for PBXProject "launchDaemon" */ = {
			isa = XCConfigurationList;
			buildConfigurations = (
				7D7755D51F02DF9500D0017D /* Debug */,
				7D7755D61F02DF9500D0017D /* Release */,
			);
			defaultConfigurationIsVisible = 0;
			defaultConfigurationName = Release;
		};
		7D7755D71F02DF9500D0017D /* Build configuration list for PBXNativeTarget "launchDaemon" */ = {
			isa = XCConfigurationList;
			buildConfigurations = (
				7D7755D81F02DF9500D0017D /* Debug */,
				7D7755D91F02DF9500D0017D /* Release */,
			);
			defaultConfigurationIsVisible = 0;
			defaultConfigurationName = Release;
		};
		CD32C22220900D36009CADF6 /* Build configuration list for PBXNativeTarget "launchDaemonBundle" */ = {
			isa = XCConfigurationList;
			buildConfigurations = (
				CD32C22020900D36009CADF6 /* Debug */,
				CD32C22120900D36009CADF6 /* Release */,
			);
			defaultConfigurationIsVisible = 0;
			defaultConfigurationName = Release;
		};
/* End XCConfigurationList section */
	};
	rootObject = 7D7755C81F02DF9400D0017D /* Project object */;
}
