// !$*UTF8*$!
{
	archiveVersion = 1;
	classes = {
	};
	objectVersion = 48;
	objects = {

/* Begin PBXBuildFile section */
		7D16D69A1F65EF9900DB3161 /* Update.m in Sources */ = {isa = PBXBuildFile; fileRef = 7D16D6991F65EF9900DB3161 /* Update.m */; };
		7D2582571F19FAD700D28B95 /* DaemonComms.m in Sources */ = {isa = PBXBuildFile; fileRef = 7D2582561F19FAD700D28B95 /* DaemonComms.m */; };
		7D46FF041F5F496800FEB0F8 /* patrons.txt in Resources */ = {isa = PBXBuildFile; fileRef = 7D46FF031F5F496800FEB0F8 /* patrons.txt */; };
		7D564DAE1F18434F00B8AAD6 /* AppDelegate.m in Sources */ = {isa = PBXBuildFile; fileRef = 7D564DAD1F18434F00B8AAD6 /* AppDelegate.m */; };
		7D564DB11F18434F00B8AAD6 /* main.m in Sources */ = {isa = PBXBuildFile; fileRef = 7D564DB01F18434F00B8AAD6 /* main.m */; };
		7D564DB61F18434F00B8AAD6 /* MainMenu.xib in Resources */ = {isa = PBXBuildFile; fileRef = 7D564DB41F18434F00B8AAD6 /* MainMenu.xib */; };
		7D564DD61F18441500B8AAD6 /* Assets.xcassets in Resources */ = {isa = PBXBuildFile; fileRef = 7D564DBF1F18441500B8AAD6 /* Assets.xcassets */; };
		7D564DD91F18441500B8AAD6 /* RulesWindowController.m in Sources */ = {isa = PBXBuildFile; fileRef = 7D564DC21F18441500B8AAD6 /* RulesWindowController.m */; };
		7D564DDA1F18441500B8AAD6 /* AboutWindowController.m in Sources */ = {isa = PBXBuildFile; fileRef = 7D564DC31F18441500B8AAD6 /* AboutWindowController.m */; };
		7D564DDB1F18441500B8AAD6 /* MainMenu.xib in Resources */ = {isa = PBXBuildFile; fileRef = 7D564DC51F18441500B8AAD6 /* MainMenu.xib */; };
		7D564DDC1F18441500B8AAD6 /* AboutWindow.xib in Resources */ = {isa = PBXBuildFile; fileRef = 7D564DC71F18441500B8AAD6 /* AboutWindow.xib */; };
		7D564DDD1F18441500B8AAD6 /* Rules.xib in Resources */ = {isa = PBXBuildFile; fileRef = 7D564DC91F18441500B8AAD6 /* Rules.xib */; };
		7D564DDE1F18441500B8AAD6 /* RuleRowCell.m in Sources */ = {isa = PBXBuildFile; fileRef = 7D564DCA1F18441500B8AAD6 /* RuleRowCell.m */; };
		7D564DDF1F18441500B8AAD6 /* HyperlinkTextField.m in Sources */ = {isa = PBXBuildFile; fileRef = 7D564DCE1F18441500B8AAD6 /* HyperlinkTextField.m */; };
		7D564DE01F18441500B8AAD6 /* RuleRow.m in Sources */ = {isa = PBXBuildFile; fileRef = 7D564DD11F18441500B8AAD6 /* RuleRow.m */; };
		7D564DE61F18446200B8AAD6 /* logging.m in Sources */ = {isa = PBXBuildFile; fileRef = 7D564DE41F18446200B8AAD6 /* logging.m */; };
		7D564DEA1F1855E900B8AAD6 /* UpdateWindowController.m in Sources */ = {isa = PBXBuildFile; fileRef = 7D564DE71F1855E900B8AAD6 /* UpdateWindowController.m */; };
		7D564DEB1F1855E900B8AAD6 /* UpdateWindow.xib in Resources */ = {isa = PBXBuildFile; fileRef = 7D564DE81F1855E900B8AAD6 /* UpdateWindow.xib */; };
		7D704AB71F6C83BF0067224E /* importRules.png in Resources */ = {isa = PBXBuildFile; fileRef = 7D704AB51F6C83BF0067224E /* importRules.png */; };
		7D704AB81F6C83BF0067224E /* exportRules.png in Resources */ = {isa = PBXBuildFile; fileRef = 7D704AB61F6C83BF0067224E /* exportRules.png */; };
		7D75537F1F22E40E0010FE88 /* PrefsWindowController.m in Sources */ = {isa = PBXBuildFile; fileRef = 7D75537D1F22E40E0010FE88 /* PrefsWindowController.m */; };
		7D7553801F22E40E0010FE88 /* Preferences.xib in Resources */ = {isa = PBXBuildFile; fileRef = 7D75537E1F22E40E0010FE88 /* Preferences.xib */; };
		7D7553831F23199A0010FE88 /* prefsRules.png in Resources */ = {isa = PBXBuildFile; fileRef = 7D7553811F23199A0010FE88 /* prefsRules.png */; };
		7D7553841F23199A0010FE88 /* prefsUpdate.png in Resources */ = {isa = PBXBuildFile; fileRef = 7D7553821F23199A0010FE88 /* prefsUpdate.png */; };
		7DD2BF461F1C2B4200B33214 /* logo.png in Resources */ = {isa = PBXBuildFile; fileRef = 7DD2BF431F1C2B4200B33214 /* logo.png */; };
		7DD2BF471F1C2B4200B33214 /* logoBG.png in Resources */ = {isa = PBXBuildFile; fileRef = 7DD2BF441F1C2B4200B33214 /* logoBG.png */; };
		7DD2BF481F1C2B4200B33214 /* logoOver.png in Resources */ = {isa = PBXBuildFile; fileRef = 7DD2BF451F1C2B4200B33214 /* logoOver.png */; };
		7DD2BF4B1F1C389600B33214 /* allow.png in Resources */ = {isa = PBXBuildFile; fileRef = 7DD2BF491F1C389600B33214 /* allow.png */; };
		7DD2BF4C1F1C389600B33214 /* block.png in Resources */ = {isa = PBXBuildFile; fileRef = 7DD2BF4A1F1C389600B33214 /* block.png */; };
		7DD2BF511F1C3F0500B33214 /* rulesAll.png in Resources */ = {isa = PBXBuildFile; fileRef = 7DD2BF4D1F1C3F0500B33214 /* rulesAll.png */; };
		7DD2BF521F1C3F0500B33214 /* rulesBaseline.png in Resources */ = {isa = PBXBuildFile; fileRef = 7DD2BF4E1F1C3F0500B33214 /* rulesBaseline.png */; };
		7DD2BF531F1C3F0500B33214 /* rulesDefault.png in Resources */ = {isa = PBXBuildFile; fileRef = 7DD2BF4F1F1C3F0500B33214 /* rulesDefault.png */; };
		7DD2BF541F1C3F0500B33214 /* rulesUser.png in Resources */ = {isa = PBXBuildFile; fileRef = 7DD2BF501F1C3F0500B33214 /* rulesUser.png */; };
		7DD2BF581F1C59E900B33214 /* AddRuleWindowController.m in Sources */ = {isa = PBXBuildFile; fileRef = 7DD2BF561F1C59E900B33214 /* AddRuleWindowController.m */; };
		7DD2BF591F1C59E900B33214 /* AddRule.xib in Resources */ = {isa = PBXBuildFile; fileRef = 7DD2BF571F1C59E900B33214 /* AddRule.xib */; };
		7DD2BF5F1F1DAF0C00B33214 /* Rule.m in Sources */ = {isa = PBXBuildFile; fileRef = 7DD2BF5D1F1DAF0C00B33214 /* Rule.m */; };
		7DD2BF651F1DC41600B33214 /* utilities.m in Sources */ = {isa = PBXBuildFile; fileRef = 7DD2BF641F1DC41600B33214 /* utilities.m */; };
		CD21501820AD222800CEF17B /* Sentry.framework in Copy Frameworks */ = {isa = PBXBuildFile; fileRef = CD21501720AD222800CEF17B /* Sentry.framework */; settings = {ATTRIBUTES = (CodeSignOnCopy, RemoveHeadersOnCopy, ); }; };
		CD223E442083361A0049A76B /* RulesTable.m in Sources */ = {isa = PBXBuildFile; fileRef = CD223E432083361A0049A76B /* RulesTable.m */; };
		CD22785A2042977300C72C76 /* kext.png in Resources */ = {isa = PBXBuildFile; fileRef = CD2278592042977300C72C76 /* kext.png */; };
		CD3FF8CB20DDE392007B39F1 /* NSApplicationKeyEvents.m in Sources */ = {isa = PBXBuildFile; fileRef = CD3FF8C920DDE392007B39F1 /* NSApplicationKeyEvents.m */; };
		CDA6E644203B9DA800C78F91 /* Welcome.xib in Resources */ = {isa = PBXBuildFile; fileRef = CDA6E63B203B9DA700C78F91 /* Welcome.xib */; };
		CDA6E648203B9DA800C78F91 /* WelcomeWindowController.m in Sources */ = {isa = PBXBuildFile; fileRef = CDA6E642203B9DA700C78F91 /* WelcomeWindowController.m */; };
		CDA6E64C203BA44E00C78F91 /* luluIcon.png in Resources */ = {isa = PBXBuildFile; fileRef = CDA6E64A203BA44D00C78F91 /* luluIcon.png */; };
		CDA6E64D203BA44E00C78F91 /* luluText.png in Resources */ = {isa = PBXBuildFile; fileRef = CDA6E64B203BA44E00C78F91 /* luluText.png */; };
		CDA6E654203BA76D00C78F91 /* heart.png in Resources */ = {isa = PBXBuildFile; fileRef = CDA6E653203BA76D00C78F91 /* heart.png */; };
		CDA6E65A203CF9D500C78F91 /* prefsVisuals.png in Resources */ = {isa = PBXBuildFile; fileRef = CDA6E659203CF9D500C78F91 /* prefsVisuals.png */; };
		CDA6E65C203CFA7100C78F91 /* rulesApple.png in Resources */ = {isa = PBXBuildFile; fileRef = CDA6E65B203CFA7100C78F91 /* rulesApple.png */; };
/* End PBXBuildFile section */

/* Begin PBXCopyFilesBuildPhase section */
		7DD25FEE1F23B5AE00277EC4 /* CopyFiles */ = {
			isa = PBXCopyFilesBuildPhase;
			buildActionMask = 2147483647;
			dstPath = Contents/Library/LoginItems;
			dstSubfolderSpec = 1;
			files = (
			);
			runOnlyForDeploymentPostprocessing = 0;
		};
		CD32C22F209015E3009CADF6 /* Copy Frameworks */ = {
			isa = PBXCopyFilesBuildPhase;
			buildActionMask = 2147483647;
			dstPath = "";
			dstSubfolderSpec = 10;
			files = (
				CD21501820AD222800CEF17B /* Sentry.framework in Copy Frameworks */,
			);
			name = "Copy Frameworks";
			runOnlyForDeploymentPostprocessing = 0;
		};
/* End PBXCopyFilesBuildPhase section */

/* Begin PBXFileReference section */
		7D16D6981F65EF9900DB3161 /* Update.h */ = {isa = PBXFileReference; fileEncoding = 4; lastKnownFileType = sourcecode.c.h; name = Update.h; path = ../shared/Update.h; sourceTree = "<group>"; };
		7D16D6991F65EF9900DB3161 /* Update.m */ = {isa = PBXFileReference; fileEncoding = 4; lastKnownFileType = sourcecode.c.objc; name = Update.m; path = ../shared/Update.m; sourceTree = "<group>"; };
		7D2582551F19FAD700D28B95 /* DaemonComms.h */ = {isa = PBXFileReference; fileEncoding = 4; lastKnownFileType = sourcecode.c.h; name = DaemonComms.h; path = ../shared/DaemonComms.h; sourceTree = "<group>"; };
		7D2582561F19FAD700D28B95 /* DaemonComms.m */ = {isa = PBXFileReference; fileEncoding = 4; lastKnownFileType = sourcecode.c.objc; name = DaemonComms.m; path = ../shared/DaemonComms.m; sourceTree = "<group>"; };
		7D2582581F19FB6000D28B95 /* UserCommsInterface.h */ = {isa = PBXFileReference; fileEncoding = 4; lastKnownFileType = sourcecode.c.h; name = UserCommsInterface.h; path = ../shared/UserCommsInterface.h; sourceTree = "<group>"; };
		7D46FF031F5F496800FEB0F8 /* patrons.txt */ = {isa = PBXFileReference; fileEncoding = 4; lastKnownFileType = text; path = patrons.txt; sourceTree = "<group>"; };
		7D564DA91F18434F00B8AAD6 /* LuLu.app */ = {isa = PBXFileReference; explicitFileType = wrapper.application; includeInIndex = 0; path = LuLu.app; sourceTree = BUILT_PRODUCTS_DIR; };
		7D564DAC1F18434F00B8AAD6 /* AppDelegate.h */ = {isa = PBXFileReference; lastKnownFileType = sourcecode.c.h; path = AppDelegate.h; sourceTree = "<group>"; };
		7D564DAD1F18434F00B8AAD6 /* AppDelegate.m */ = {isa = PBXFileReference; lastKnownFileType = sourcecode.c.objc; path = AppDelegate.m; sourceTree = "<group>"; };
		7D564DB01F18434F00B8AAD6 /* main.m */ = {isa = PBXFileReference; lastKnownFileType = sourcecode.c.objc; path = main.m; sourceTree = "<group>"; };
		7D564DB51F18434F00B8AAD6 /* Base */ = {isa = PBXFileReference; lastKnownFileType = file.xib; name = Base; path = Base.lproj/MainMenu.xib; sourceTree = "<group>"; };
		7D564DB71F18434F00B8AAD6 /* Info.plist */ = {isa = PBXFileReference; lastKnownFileType = text.plist.xml; path = Info.plist; sourceTree = "<group>"; };
		7D564DBF1F18441500B8AAD6 /* Assets.xcassets */ = {isa = PBXFileReference; lastKnownFileType = folder.assetcatalog; path = Assets.xcassets; sourceTree = "<group>"; };
		7D564DC21F18441500B8AAD6 /* RulesWindowController.m */ = {isa = PBXFileReference; fileEncoding = 4; lastKnownFileType = sourcecode.c.objc; path = RulesWindowController.m; sourceTree = "<group>"; };
		7D564DC31F18441500B8AAD6 /* AboutWindowController.m */ = {isa = PBXFileReference; fileEncoding = 4; lastKnownFileType = sourcecode.c.objc; path = AboutWindowController.m; sourceTree = "<group>"; };
		7D564DC61F18441500B8AAD6 /* Base */ = {isa = PBXFileReference; lastKnownFileType = file.xib; name = Base; path = MainMenu.xib; sourceTree = "<group>"; };
		7D564DC71F18441500B8AAD6 /* AboutWindow.xib */ = {isa = PBXFileReference; fileEncoding = 4; lastKnownFileType = file.xib; path = AboutWindow.xib; sourceTree = "<group>"; };
		7D564DC91F18441500B8AAD6 /* Rules.xib */ = {isa = PBXFileReference; fileEncoding = 4; lastKnownFileType = file.xib; path = Rules.xib; sourceTree = "<group>"; };
		7D564DCA1F18441500B8AAD6 /* RuleRowCell.m */ = {isa = PBXFileReference; fileEncoding = 4; lastKnownFileType = sourcecode.c.objc; path = RuleRowCell.m; sourceTree = "<group>"; };
		7D564DCB1F18441500B8AAD6 /* RulesWindowController.h */ = {isa = PBXFileReference; fileEncoding = 4; lastKnownFileType = sourcecode.c.h; path = RulesWindowController.h; sourceTree = "<group>"; };
		7D564DCD1F18441500B8AAD6 /* HyperlinkTextField.h */ = {isa = PBXFileReference; fileEncoding = 4; lastKnownFileType = sourcecode.c.h; path = HyperlinkTextField.h; sourceTree = "<group>"; };
		7D564DCE1F18441500B8AAD6 /* HyperlinkTextField.m */ = {isa = PBXFileReference; fileEncoding = 4; lastKnownFileType = sourcecode.c.objc; path = HyperlinkTextField.m; sourceTree = "<group>"; };
		7D564DCF1F18441500B8AAD6 /* AboutWindowController.h */ = {isa = PBXFileReference; fileEncoding = 4; lastKnownFileType = sourcecode.c.h; path = AboutWindowController.h; sourceTree = "<group>"; };
		7D564DD01F18441500B8AAD6 /* RuleRow.h */ = {isa = PBXFileReference; fileEncoding = 4; lastKnownFileType = sourcecode.c.h; path = RuleRow.h; sourceTree = "<group>"; };
		7D564DD11F18441500B8AAD6 /* RuleRow.m */ = {isa = PBXFileReference; fileEncoding = 4; lastKnownFileType = sourcecode.c.objc; path = RuleRow.m; sourceTree = "<group>"; };
		7D564DD21F18441500B8AAD6 /* RuleRowCell.h */ = {isa = PBXFileReference; fileEncoding = 4; lastKnownFileType = sourcecode.c.h; path = RuleRowCell.h; sourceTree = "<group>"; };
		7D564DE31F18446200B8AAD6 /* consts.h */ = {isa = PBXFileReference; fileEncoding = 4; lastKnownFileType = sourcecode.c.h; name = consts.h; path = ../shared/consts.h; sourceTree = "<group>"; };
		7D564DE41F18446200B8AAD6 /* logging.m */ = {isa = PBXFileReference; fileEncoding = 4; lastKnownFileType = sourcecode.c.objc; name = logging.m; path = ../shared/logging.m; sourceTree = "<group>"; };
		7D564DE51F18446200B8AAD6 /* logging.h */ = {isa = PBXFileReference; fileEncoding = 4; lastKnownFileType = sourcecode.c.h; name = logging.h; path = ../shared/logging.h; sourceTree = "<group>"; };
		7D564DE71F1855E900B8AAD6 /* UpdateWindowController.m */ = {isa = PBXFileReference; fileEncoding = 4; lastKnownFileType = sourcecode.c.objc; name = UpdateWindowController.m; path = ../shared/UpdateWindowController.m; sourceTree = "<group>"; };
		7D564DE81F1855E900B8AAD6 /* UpdateWindow.xib */ = {isa = PBXFileReference; fileEncoding = 4; lastKnownFileType = file.xib; name = UpdateWindow.xib; path = ../shared/UpdateWindow.xib; sourceTree = "<group>"; };
		7D564DE91F1855E900B8AAD6 /* UpdateWindowController.h */ = {isa = PBXFileReference; fileEncoding = 4; lastKnownFileType = sourcecode.c.h; name = UpdateWindowController.h; path = ../shared/UpdateWindowController.h; sourceTree = "<group>"; };
		7D704AB51F6C83BF0067224E /* importRules.png */ = {isa = PBXFileReference; lastKnownFileType = image.png; path = importRules.png; sourceTree = "<group>"; };
		7D704AB61F6C83BF0067224E /* exportRules.png */ = {isa = PBXFileReference; lastKnownFileType = image.png; path = exportRules.png; sourceTree = "<group>"; };
		7D75537C1F22E40E0010FE88 /* PrefsWindowController.h */ = {isa = PBXFileReference; fileEncoding = 4; lastKnownFileType = sourcecode.c.h; path = PrefsWindowController.h; sourceTree = "<group>"; };
		7D75537D1F22E40E0010FE88 /* PrefsWindowController.m */ = {isa = PBXFileReference; fileEncoding = 4; lastKnownFileType = sourcecode.c.objc; path = PrefsWindowController.m; sourceTree = "<group>"; };
		7D75537E1F22E40E0010FE88 /* Preferences.xib */ = {isa = PBXFileReference; fileEncoding = 4; lastKnownFileType = file.xib; path = Preferences.xib; sourceTree = "<group>"; };
		7D7553811F23199A0010FE88 /* prefsRules.png */ = {isa = PBXFileReference; lastKnownFileType = image.png; path = prefsRules.png; sourceTree = "<group>"; };
		7D7553821F23199A0010FE88 /* prefsUpdate.png */ = {isa = PBXFileReference; lastKnownFileType = image.png; path = prefsUpdate.png; sourceTree = "<group>"; };
		7DD2BF431F1C2B4200B33214 /* logo.png */ = {isa = PBXFileReference; lastKnownFileType = image.png; path = logo.png; sourceTree = "<group>"; };
		7DD2BF441F1C2B4200B33214 /* logoBG.png */ = {isa = PBXFileReference; lastKnownFileType = image.png; path = logoBG.png; sourceTree = "<group>"; };
		7DD2BF451F1C2B4200B33214 /* logoOver.png */ = {isa = PBXFileReference; lastKnownFileType = image.png; path = logoOver.png; sourceTree = "<group>"; };
		7DD2BF491F1C389600B33214 /* allow.png */ = {isa = PBXFileReference; lastKnownFileType = image.png; path = allow.png; sourceTree = "<group>"; };
		7DD2BF4A1F1C389600B33214 /* block.png */ = {isa = PBXFileReference; lastKnownFileType = image.png; path = block.png; sourceTree = "<group>"; };
		7DD2BF4D1F1C3F0500B33214 /* rulesAll.png */ = {isa = PBXFileReference; lastKnownFileType = image.png; path = rulesAll.png; sourceTree = "<group>"; };
		7DD2BF4E1F1C3F0500B33214 /* rulesBaseline.png */ = {isa = PBXFileReference; lastKnownFileType = image.png; path = rulesBaseline.png; sourceTree = "<group>"; };
		7DD2BF4F1F1C3F0500B33214 /* rulesDefault.png */ = {isa = PBXFileReference; lastKnownFileType = image.png; path = rulesDefault.png; sourceTree = "<group>"; };
		7DD2BF501F1C3F0500B33214 /* rulesUser.png */ = {isa = PBXFileReference; lastKnownFileType = image.png; path = rulesUser.png; sourceTree = "<group>"; };
		7DD2BF551F1C59E900B33214 /* AddRuleWindowController.h */ = {isa = PBXFileReference; fileEncoding = 4; lastKnownFileType = sourcecode.c.h; path = AddRuleWindowController.h; sourceTree = "<group>"; };
		7DD2BF561F1C59E900B33214 /* AddRuleWindowController.m */ = {isa = PBXFileReference; fileEncoding = 4; lastKnownFileType = sourcecode.c.objc; path = AddRuleWindowController.m; sourceTree = "<group>"; };
		7DD2BF571F1C59E900B33214 /* AddRule.xib */ = {isa = PBXFileReference; fileEncoding = 4; lastKnownFileType = file.xib; path = AddRule.xib; sourceTree = "<group>"; };
		7DD2BF5D1F1DAF0C00B33214 /* Rule.m */ = {isa = PBXFileReference; fileEncoding = 4; lastKnownFileType = sourcecode.c.objc; name = Rule.m; path = ../shared/Rule.m; sourceTree = "<group>"; };
		7DD2BF601F1DAFE100B33214 /* Rule.h */ = {isa = PBXFileReference; fileEncoding = 4; lastKnownFileType = sourcecode.c.h; name = Rule.h; path = ../shared/Rule.h; sourceTree = "<group>"; };
		7DD2BF631F1DC41600B33214 /* utilities.h */ = {isa = PBXFileReference; fileEncoding = 4; lastKnownFileType = sourcecode.c.h; name = utilities.h; path = ../shared/utilities.h; sourceTree = "<group>"; };
		7DD2BF641F1DC41600B33214 /* utilities.m */ = {isa = PBXFileReference; fileEncoding = 4; lastKnownFileType = sourcecode.c.objc; name = utilities.m; path = ../shared/utilities.m; sourceTree = "<group>"; };
		CD21501720AD222800CEF17B /* Sentry.framework */ = {isa = PBXFileReference; lastKnownFileType = wrapper.framework; name = Sentry.framework; path = ../Carthage/Build/Mac/Sentry.framework; sourceTree = "<group>"; };
		CD223E422083361A0049A76B /* RulesTable.h */ = {isa = PBXFileReference; lastKnownFileType = sourcecode.c.h; path = RulesTable.h; sourceTree = "<group>"; };
		CD223E432083361A0049A76B /* RulesTable.m */ = {isa = PBXFileReference; lastKnownFileType = sourcecode.c.objc; path = RulesTable.m; sourceTree = "<group>"; };
		CD2278592042977300C72C76 /* kext.png */ = {isa = PBXFileReference; lastKnownFileType = image.png; path = kext.png; sourceTree = "<group>"; };
		CD3FF8C920DDE392007B39F1 /* NSApplicationKeyEvents.m */ = {isa = PBXFileReference; fileEncoding = 4; lastKnownFileType = sourcecode.c.objc; name = NSApplicationKeyEvents.m; path = ../shared/NSApplicationKeyEvents.m; sourceTree = "<group>"; };
		CD3FF8CA20DDE392007B39F1 /* NSApplicationKeyEvents.h */ = {isa = PBXFileReference; fileEncoding = 4; lastKnownFileType = sourcecode.c.h; name = NSApplicationKeyEvents.h; path = ../shared/NSApplicationKeyEvents.h; sourceTree = "<group>"; };
		CDA6E63B203B9DA700C78F91 /* Welcome.xib */ = {isa = PBXFileReference; fileEncoding = 4; lastKnownFileType = file.xib; path = Welcome.xib; sourceTree = "<group>"; };
		CDA6E641203B9DA700C78F91 /* WelcomeWindowController.h */ = {isa = PBXFileReference; fileEncoding = 4; lastKnownFileType = sourcecode.c.h; path = WelcomeWindowController.h; sourceTree = "<group>"; };
		CDA6E642203B9DA700C78F91 /* WelcomeWindowController.m */ = {isa = PBXFileReference; fileEncoding = 4; lastKnownFileType = sourcecode.c.objc; path = WelcomeWindowController.m; sourceTree = "<group>"; };
		CDA6E64A203BA44D00C78F91 /* luluIcon.png */ = {isa = PBXFileReference; lastKnownFileType = image.png; name = luluIcon.png; path = ../shared/images/luluIcon.png; sourceTree = "<group>"; };
		CDA6E64B203BA44E00C78F91 /* luluText.png */ = {isa = PBXFileReference; lastKnownFileType = image.png; name = luluText.png; path = ../shared/images/luluText.png; sourceTree = "<group>"; };
		CDA6E653203BA76D00C78F91 /* heart.png */ = {isa = PBXFileReference; lastKnownFileType = image.png; path = heart.png; sourceTree = "<group>"; };
		CDA6E659203CF9D500C78F91 /* prefsVisuals.png */ = {isa = PBXFileReference; lastKnownFileType = image.png; path = prefsVisuals.png; sourceTree = "<group>"; };
		CDA6E65B203CFA7100C78F91 /* rulesApple.png */ = {isa = PBXFileReference; lastKnownFileType = image.png; path = rulesApple.png; sourceTree = "<group>"; };
/* End PBXFileReference section */

/* Begin PBXGroup section */
		7D46FEFC1F5E129700FEB0F8 /* XIBs */ = {
			isa = PBXGroup;
			children = (
				7D564DC71F18441500B8AAD6 /* AboutWindow.xib */,
				7DD2BF571F1C59E900B33214 /* AddRule.xib */,
				7D564DB41F18434F00B8AAD6 /* MainMenu.xib */,
				7D75537E1F22E40E0010FE88 /* Preferences.xib */,
				7D564DC91F18441500B8AAD6 /* Rules.xib */,
				CDA6E63B203B9DA700C78F91 /* Welcome.xib */,
			);
			name = XIBs;
			sourceTree = "<group>";
		};
		7D564DA01F18434F00B8AAD6 = {
			isa = PBXGroup;
			children = (
				7D564DE21F18445400B8AAD6 /* Shared */,
				7D564DAB1F18434F00B8AAD6 /* Src */,
				CD21501920AD224A00CEF17B /* Frameworks */,
				7D564DAA1F18434F00B8AAD6 /* Products */,
			);
			sourceTree = "<group>";
		};
		7D564DAA1F18434F00B8AAD6 /* Products */ = {
			isa = PBXGroup;
			children = (
				7D564DA91F18434F00B8AAD6 /* LuLu.app */,
			);
			name = Products;
			sourceTree = "<group>";
		};
		7D564DAB1F18434F00B8AAD6 /* Src */ = {
			isa = PBXGroup;
			children = (
				CDA6E641203B9DA700C78F91 /* WelcomeWindowController.h */,
				CDA6E642203B9DA700C78F91 /* WelcomeWindowController.m */,
				7D564DCF1F18441500B8AAD6 /* AboutWindowController.h */,
				7D564DC31F18441500B8AAD6 /* AboutWindowController.m */,
				7D564DAC1F18434F00B8AAD6 /* AppDelegate.h */,
				7D564DAD1F18434F00B8AAD6 /* AppDelegate.m */,
				7DD2BF551F1C59E900B33214 /* AddRuleWindowController.h */,
				7DD2BF561F1C59E900B33214 /* AddRuleWindowController.m */,
				7D75537C1F22E40E0010FE88 /* PrefsWindowController.h */,
				7D75537D1F22E40E0010FE88 /* PrefsWindowController.m */,
				7D564DD01F18441500B8AAD6 /* RuleRow.h */,
				7D564DD11F18441500B8AAD6 /* RuleRow.m */,
				7D564DD21F18441500B8AAD6 /* RuleRowCell.h */,
				7D564DCA1F18441500B8AAD6 /* RuleRowCell.m */,
				7D564DCB1F18441500B8AAD6 /* RulesWindowController.h */,
				7D564DC21F18441500B8AAD6 /* RulesWindowController.m */,
				CD223E422083361A0049A76B /* RulesTable.h */,
				CD223E432083361A0049A76B /* RulesTable.m */,
				7D564DBF1F18441500B8AAD6 /* Assets.xcassets */,
				7D564DCC1F18441500B8AAD6 /* 3rdParty */,
				7D564DC41F18441500B8AAD6 /* Base.lproj */,
				7D564DD31F18441500B8AAD6 /* Images */,
				7D46FEFC1F5E129700FEB0F8 /* XIBs */,
				7D564DAF1F18434F00B8AAD6 /* Supporting Files */,
			);
			name = Src;
			path = mainApp;
			sourceTree = "<group>";
		};
		7D564DAF1F18434F00B8AAD6 /* Supporting Files */ = {
			isa = PBXGroup;
			children = (
				7D46FF031F5F496800FEB0F8 /* patrons.txt */,
				7D564DB71F18434F00B8AAD6 /* Info.plist */,
				7D564DB01F18434F00B8AAD6 /* main.m */,
			);
			name = "Supporting Files";
			sourceTree = "<group>";
		};
		7D564DC41F18441500B8AAD6 /* Base.lproj */ = {
			isa = PBXGroup;
			children = (
				7D564DC51F18441500B8AAD6 /* MainMenu.xib */,
			);
			path = Base.lproj;
			sourceTree = "<group>";
		};
		7D564DCC1F18441500B8AAD6 /* 3rdParty */ = {
			isa = PBXGroup;
			children = (
				7D564DCD1F18441500B8AAD6 /* HyperlinkTextField.h */,
				7D564DCE1F18441500B8AAD6 /* HyperlinkTextField.m */,
			);
			path = 3rdParty;
			sourceTree = "<group>";
		};
		7D564DD31F18441500B8AAD6 /* Images */ = {
			isa = PBXGroup;
			children = (
				CD2278592042977300C72C76 /* kext.png */,
				CDA6E65B203CFA7100C78F91 /* rulesApple.png */,
				CDA6E659203CF9D500C78F91 /* prefsVisuals.png */,
				CDA6E653203BA76D00C78F91 /* heart.png */,
				7D704AB51F6C83BF0067224E /* importRules.png */,
				7D704AB61F6C83BF0067224E /* exportRules.png */,
				7D7553811F23199A0010FE88 /* prefsRules.png */,
				7D7553821F23199A0010FE88 /* prefsUpdate.png */,
				7DD2BF4D1F1C3F0500B33214 /* rulesAll.png */,
				7DD2BF4E1F1C3F0500B33214 /* rulesBaseline.png */,
				7DD2BF4F1F1C3F0500B33214 /* rulesDefault.png */,
				7DD2BF501F1C3F0500B33214 /* rulesUser.png */,
				7DD2BF491F1C389600B33214 /* allow.png */,
				7DD2BF4A1F1C389600B33214 /* block.png */,
				7DD2BF431F1C2B4200B33214 /* logo.png */,
				7DD2BF441F1C2B4200B33214 /* logoBG.png */,
				7DD2BF451F1C2B4200B33214 /* logoOver.png */,
			);
			path = Images;
			sourceTree = "<group>";
		};
		7D564DE21F18445400B8AAD6 /* Shared */ = {
			isa = PBXGroup;
			children = (
				CDA6E649203BA41E00C78F91 /* Images */,
				7D564DE31F18446200B8AAD6 /* consts.h */,
				7D2582551F19FAD700D28B95 /* DaemonComms.h */,
				7D2582561F19FAD700D28B95 /* DaemonComms.m */,
				7D564DE51F18446200B8AAD6 /* logging.h */,
				7D564DE41F18446200B8AAD6 /* logging.m */,
				CD3FF8CA20DDE392007B39F1 /* NSApplicationKeyEvents.h */,
				CD3FF8C920DDE392007B39F1 /* NSApplicationKeyEvents.m */,
				7DD2BF601F1DAFE100B33214 /* Rule.h */,
				7DD2BF5D1F1DAF0C00B33214 /* Rule.m */,
				7D2582581F19FB6000D28B95 /* UserCommsInterface.h */,
				7D16D6981F65EF9900DB3161 /* Update.h */,
				7D16D6991F65EF9900DB3161 /* Update.m */,
				7D564DE91F1855E900B8AAD6 /* UpdateWindowController.h */,
				7D564DE71F1855E900B8AAD6 /* UpdateWindowController.m */,
				7DD2BF631F1DC41600B33214 /* utilities.h */,
				7DD2BF641F1DC41600B33214 /* utilities.m */,
				7D564DE81F1855E900B8AAD6 /* UpdateWindow.xib */,
			);
			name = Shared;
			sourceTree = "<group>";
		};
		CD21501920AD224A00CEF17B /* Frameworks */ = {
			isa = PBXGroup;
			children = (
				CD21501720AD222800CEF17B /* Sentry.framework */,
			);
			name = Frameworks;
			sourceTree = "<group>";
		};
		CDA6E649203BA41E00C78F91 /* Images */ = {
			isa = PBXGroup;
			children = (
				CDA6E64A203BA44D00C78F91 /* luluIcon.png */,
				CDA6E64B203BA44E00C78F91 /* luluText.png */,
			);
			name = Images;
			sourceTree = "<group>";
		};
/* End PBXGroup section */

/* Begin PBXNativeTarget section */
		7D564DA81F18434F00B8AAD6 /* mainApp */ = {
			isa = PBXNativeTarget;
			buildConfigurationList = 7D564DBA1F18434F00B8AAD6 /* Build configuration list for PBXNativeTarget "mainApp" */;
			buildPhases = (
				7D564DA51F18434F00B8AAD6 /* Sources */,
				7D564DA71F18434F00B8AAD6 /* Resources */,
				7DD25FEE1F23B5AE00277EC4 /* CopyFiles */,
				7D16D6971F650FF400DB3161 /* ShellScript */,
				CD32C22F209015E3009CADF6 /* Copy Frameworks */,
			);
			buildRules = (
			);
			dependencies = (
			);
			name = mainApp;
			productName = configApp;
			productReference = 7D564DA91F18434F00B8AAD6 /* LuLu.app */;
			productType = "com.apple.product-type.application";
		};
/* End PBXNativeTarget section */

/* Begin PBXProject section */
		7D564DA11F18434F00B8AAD6 /* Project object */ = {
			isa = PBXProject;
			attributes = {
				LastUpgradeCheck = 0930;
				ORGANIZATIONNAME = "Objective-See";
				TargetAttributes = {
					7D564DA81F18434F00B8AAD6 = {
						CreatedOnToolsVersion = 8.2.1;
						ProvisioningStyle = Manual;
						SystemCapabilities = {
							com.apple.ApplicationGroups.Mac = {
								enabled = 1;
							};
						};
					};
				};
			};
			buildConfigurationList = 7D564DA41F18434F00B8AAD6 /* Build configuration list for PBXProject "mainApp" */;
			compatibilityVersion = "Xcode 8.0";
			developmentRegion = English;
			hasScannedForEncodings = 0;
			knownRegions = (
				en,
				Base,
			);
			mainGroup = 7D564DA01F18434F00B8AAD6;
			productRefGroup = 7D564DAA1F18434F00B8AAD6 /* Products */;
			projectDirPath = "";
			projectRoot = "";
			targets = (
				7D564DA81F18434F00B8AAD6 /* mainApp */,
			);
		};
/* End PBXProject section */

/* Begin PBXResourcesBuildPhase section */
		7D564DA71F18434F00B8AAD6 /* Resources */ = {
			isa = PBXResourcesBuildPhase;
			buildActionMask = 2147483647;
			files = (
				CD22785A2042977300C72C76 /* kext.png in Resources */,
				7DD2BF591F1C59E900B33214 /* AddRule.xib in Resources */,
				CDA6E65C203CFA7100C78F91 /* rulesApple.png in Resources */,
				7D564DDD1F18441500B8AAD6 /* Rules.xib in Resources */,
				7DD2BF541F1C3F0500B33214 /* rulesUser.png in Resources */,
				7DD2BF461F1C2B4200B33214 /* logo.png in Resources */,
				7DD2BF511F1C3F0500B33214 /* rulesAll.png in Resources */,
				7D46FF041F5F496800FEB0F8 /* patrons.txt in Resources */,
				CDA6E64C203BA44E00C78F91 /* luluIcon.png in Resources */,
				7DD2BF481F1C2B4200B33214 /* logoOver.png in Resources */,
				7D704AB81F6C83BF0067224E /* exportRules.png in Resources */,
				CDA6E64D203BA44E00C78F91 /* luluText.png in Resources */,
				7D7553801F22E40E0010FE88 /* Preferences.xib in Resources */,
				7DD2BF531F1C3F0500B33214 /* rulesDefault.png in Resources */,
				7D7553831F23199A0010FE88 /* prefsRules.png in Resources */,
				7D564DD61F18441500B8AAD6 /* Assets.xcassets in Resources */,
				CDA6E65A203CF9D500C78F91 /* prefsVisuals.png in Resources */,
				7D7553841F23199A0010FE88 /* prefsUpdate.png in Resources */,
				7D564DDC1F18441500B8AAD6 /* AboutWindow.xib in Resources */,
				CDA6E654203BA76D00C78F91 /* heart.png in Resources */,
				7D564DB61F18434F00B8AAD6 /* MainMenu.xib in Resources */,
				7DD2BF4B1F1C389600B33214 /* allow.png in Resources */,
				7D704AB71F6C83BF0067224E /* importRules.png in Resources */,
				7D564DDB1F18441500B8AAD6 /* MainMenu.xib in Resources */,
				7D564DEB1F1855E900B8AAD6 /* UpdateWindow.xib in Resources */,
				CDA6E644203B9DA800C78F91 /* Welcome.xib in Resources */,
				7DD2BF471F1C2B4200B33214 /* logoBG.png in Resources */,
				7DD2BF521F1C3F0500B33214 /* rulesBaseline.png in Resources */,
				7DD2BF4C1F1C389600B33214 /* block.png in Resources */,
			);
			runOnlyForDeploymentPostprocessing = 0;
		};
/* End PBXResourcesBuildPhase section */

/* Begin PBXShellScriptBuildPhase section */
		7D16D6971F650FF400DB3161 /* ShellScript */ = {
			isa = PBXShellScriptBuildPhase;
			buildActionMask = 2147483647;
			files = (
			);
			inputPaths = (
			);
			outputPaths = (
			);
			runOnlyForDeploymentPostprocessing = 0;
			shellPath = /bin/sh;
			shellScript = "#for normal builds\n# just copy into app\nrm -rf   $BUILT_PRODUCTS_DIR/$CONTENTS_FOLDER_PATH/Library/LoginItems\nmkdir -p $BUILT_PRODUCTS_DIR/$CONTENTS_FOLDER_PATH/Library/LoginItems\ncp -R -f \"$BUILT_PRODUCTS_DIR/LuLu Helper.app\" $BUILT_PRODUCTS_DIR/$CONTENTS_FOLDER_PATH/Library/LoginItems";
		};
/* End PBXShellScriptBuildPhase section */

/* Begin PBXSourcesBuildPhase section */
		7D564DA51F18434F00B8AAD6 /* Sources */ = {
			isa = PBXSourcesBuildPhase;
			buildActionMask = 2147483647;
			files = (
				7D564DEA1F1855E900B8AAD6 /* UpdateWindowController.m in Sources */,
				7D564DE01F18441500B8AAD6 /* RuleRow.m in Sources */,
				7D2582571F19FAD700D28B95 /* DaemonComms.m in Sources */,
				7DD2BF581F1C59E900B33214 /* AddRuleWindowController.m in Sources */,
				7D564DE61F18446200B8AAD6 /* logging.m in Sources */,
				7D16D69A1F65EF9900DB3161 /* Update.m in Sources */,
				7D564DB11F18434F00B8AAD6 /* main.m in Sources */,
				7D564DD91F18441500B8AAD6 /* RulesWindowController.m in Sources */,
				CD223E442083361A0049A76B /* RulesTable.m in Sources */,
				7D564DAE1F18434F00B8AAD6 /* AppDelegate.m in Sources */,
				7D564DDE1F18441500B8AAD6 /* RuleRowCell.m in Sources */,
				7D564DDF1F18441500B8AAD6 /* HyperlinkTextField.m in Sources */,
				CDA6E648203B9DA800C78F91 /* WelcomeWindowController.m in Sources */,
				7D564DDA1F18441500B8AAD6 /* AboutWindowController.m in Sources */,
				CD3FF8CB20DDE392007B39F1 /* NSApplicationKeyEvents.m in Sources */,
				7DD2BF651F1DC41600B33214 /* utilities.m in Sources */,
				7DD2BF5F1F1DAF0C00B33214 /* Rule.m in Sources */,
				7D75537F1F22E40E0010FE88 /* PrefsWindowController.m in Sources */,
			);
			runOnlyForDeploymentPostprocessing = 0;
		};
/* End PBXSourcesBuildPhase section */

/* Begin PBXVariantGroup section */
		7D564DB41F18434F00B8AAD6 /* MainMenu.xib */ = {
			isa = PBXVariantGroup;
			children = (
				7D564DB51F18434F00B8AAD6 /* Base */,
			);
			name = MainMenu.xib;
			sourceTree = "<group>";
		};
		7D564DC51F18441500B8AAD6 /* MainMenu.xib */ = {
			isa = PBXVariantGroup;
			children = (
				7D564DC61F18441500B8AAD6 /* Base */,
			);
			name = MainMenu.xib;
			sourceTree = "<group>";
		};
/* End PBXVariantGroup section */

/* Begin XCBuildConfiguration section */
		7D564DB81F18434F00B8AAD6 /* Debug */ = {
			isa = XCBuildConfiguration;
			buildSettings = {
				ALWAYS_SEARCH_USER_PATHS = NO;
				CLANG_ANALYZER_NONNULL = YES;
				CLANG_CXX_LANGUAGE_STANDARD = "gnu++0x";
				CLANG_CXX_LIBRARY = "libc++";
				CLANG_ENABLE_MODULES = YES;
				CLANG_ENABLE_OBJC_ARC = YES;
				CLANG_WARN_BLOCK_CAPTURE_AUTORELEASING = YES;
				CLANG_WARN_BOOL_CONVERSION = YES;
				CLANG_WARN_COMMA = YES;
				CLANG_WARN_CONSTANT_CONVERSION = YES;
				CLANG_WARN_DEPRECATED_OBJC_IMPLEMENTATIONS = YES;
				CLANG_WARN_DIRECT_OBJC_ISA_USAGE = YES_ERROR;
				CLANG_WARN_DOCUMENTATION_COMMENTS = YES;
				CLANG_WARN_EMPTY_BODY = YES;
				CLANG_WARN_ENUM_CONVERSION = YES;
				CLANG_WARN_INFINITE_RECURSION = YES;
				CLANG_WARN_INT_CONVERSION = YES;
				CLANG_WARN_NON_LITERAL_NULL_CONVERSION = YES;
				CLANG_WARN_OBJC_IMPLICIT_RETAIN_SELF = YES;
				CLANG_WARN_OBJC_LITERAL_CONVERSION = YES;
				CLANG_WARN_OBJC_ROOT_CLASS = YES_ERROR;
				CLANG_WARN_RANGE_LOOP_ANALYSIS = YES;
				CLANG_WARN_STRICT_PROTOTYPES = YES;
				CLANG_WARN_SUSPICIOUS_MOVE = YES;
				CLANG_WARN_UNREACHABLE_CODE = YES;
				CLANG_WARN__DUPLICATE_METHOD_MATCH = YES;
				CODE_SIGN_IDENTITY = "-";
				COPY_PHASE_STRIP = NO;
				DEBUG_INFORMATION_FORMAT = dwarf;
				ENABLE_STRICT_OBJC_MSGSEND = YES;
				ENABLE_TESTABILITY = YES;
				GCC_C_LANGUAGE_STANDARD = gnu99;
				GCC_DYNAMIC_NO_PIC = NO;
				GCC_NO_COMMON_BLOCKS = YES;
				GCC_OPTIMIZATION_LEVEL = 0;
				GCC_PREPROCESSOR_DEFINITIONS = (
					"DEBUG=1",
					"$(inherited)",
				);
				GCC_WARN_64_TO_32_BIT_CONVERSION = YES;
				GCC_WARN_ABOUT_RETURN_TYPE = YES_ERROR;
				GCC_WARN_UNDECLARED_SELECTOR = YES;
				GCC_WARN_UNINITIALIZED_AUTOS = YES_AGGRESSIVE;
				GCC_WARN_UNUSED_FUNCTION = YES;
				GCC_WARN_UNUSED_VARIABLE = YES;
				MACOSX_DEPLOYMENT_TARGET = 10.10;
				MTL_ENABLE_DEBUG_INFO = YES;
				ONLY_ACTIVE_ARCH = YES;
				SDKROOT = macosx;
			};
			name = Debug;
		};
		7D564DB91F18434F00B8AAD6 /* Release */ = {
			isa = XCBuildConfiguration;
			buildSettings = {
				ALWAYS_SEARCH_USER_PATHS = NO;
				CLANG_ANALYZER_NONNULL = YES;
				CLANG_CXX_LANGUAGE_STANDARD = "gnu++0x";
				CLANG_CXX_LIBRARY = "libc++";
				CLANG_ENABLE_MODULES = YES;
				CLANG_ENABLE_OBJC_ARC = YES;
				CLANG_WARN_BLOCK_CAPTURE_AUTORELEASING = YES;
				CLANG_WARN_BOOL_CONVERSION = YES;
				CLANG_WARN_COMMA = YES;
				CLANG_WARN_CONSTANT_CONVERSION = YES;
				CLANG_WARN_DEPRECATED_OBJC_IMPLEMENTATIONS = YES;
				CLANG_WARN_DIRECT_OBJC_ISA_USAGE = YES_ERROR;
				CLANG_WARN_DOCUMENTATION_COMMENTS = YES;
				CLANG_WARN_EMPTY_BODY = YES;
				CLANG_WARN_ENUM_CONVERSION = YES;
				CLANG_WARN_INFINITE_RECURSION = YES;
				CLANG_WARN_INT_CONVERSION = YES;
				CLANG_WARN_NON_LITERAL_NULL_CONVERSION = YES;
				CLANG_WARN_OBJC_IMPLICIT_RETAIN_SELF = YES;
				CLANG_WARN_OBJC_LITERAL_CONVERSION = YES;
				CLANG_WARN_OBJC_ROOT_CLASS = YES_ERROR;
				CLANG_WARN_RANGE_LOOP_ANALYSIS = YES;
				CLANG_WARN_STRICT_PROTOTYPES = YES;
				CLANG_WARN_SUSPICIOUS_MOVE = YES;
				CLANG_WARN_UNREACHABLE_CODE = YES;
				CLANG_WARN__DUPLICATE_METHOD_MATCH = YES;
				CODE_SIGN_IDENTITY = "-";
				COPY_PHASE_STRIP = NO;
				DEBUG_INFORMATION_FORMAT = "dwarf-with-dsym";
				ENABLE_NS_ASSERTIONS = NO;
				ENABLE_STRICT_OBJC_MSGSEND = YES;
				GCC_C_LANGUAGE_STANDARD = gnu99;
				GCC_NO_COMMON_BLOCKS = YES;
				GCC_WARN_64_TO_32_BIT_CONVERSION = YES;
				GCC_WARN_ABOUT_RETURN_TYPE = YES_ERROR;
				GCC_WARN_UNDECLARED_SELECTOR = YES;
				GCC_WARN_UNINITIALIZED_AUTOS = YES_AGGRESSIVE;
				GCC_WARN_UNUSED_FUNCTION = YES;
				GCC_WARN_UNUSED_VARIABLE = YES;
				MACOSX_DEPLOYMENT_TARGET = 10.10;
				MTL_ENABLE_DEBUG_INFO = NO;
				SDKROOT = macosx;
			};
			name = Release;
		};
		7D564DBB1F18434F00B8AAD6 /* Debug */ = {
			isa = XCBuildConfiguration;
			buildSettings = {
				ASSETCATALOG_COMPILER_APPICON_NAME = AppIcon;
				CODE_SIGN_ENTITLEMENTS = "";
				CODE_SIGN_IDENTITY = "Developer ID Application: Objective-See, LLC (VBG97UB4TA)";
				COMBINE_HIDPI_IMAGES = YES;
				DEVELOPMENT_TEAM = "";
				FRAMEWORK_SEARCH_PATHS = "$(PROJECT_DIR)/../Carthage/Build/Mac";
				INFOPLIST_FILE = mainApp/Info.plist;
				OTHER_CODE_SIGN_FLAGS = "-o hard,kill,library";
				OTHER_LDFLAGS = "-Wl,-sectcreate,__RESTRICT,__restrict,/dev/null";
				PRODUCT_BUNDLE_IDENTIFIER = "com.objective-see.lulu";
				PRODUCT_NAME = LuLu;
			};
			name = Debug;
		};
		7D564DBC1F18434F00B8AAD6 /* Release */ = {
			isa = XCBuildConfiguration;
			buildSettings = {
				ASSETCATALOG_COMPILER_APPICON_NAME = AppIcon;
				CODE_SIGN_ENTITLEMENTS = "";
				CODE_SIGN_IDENTITY = "Developer ID Application: Objective-See, LLC (VBG97UB4TA)";
				COMBINE_HIDPI_IMAGES = YES;
				DEVELOPMENT_TEAM = "";
				FRAMEWORK_SEARCH_PATHS = "$(PROJECT_DIR)/../Carthage/Build/Mac";
				INFOPLIST_FILE = mainApp/Info.plist;
				OTHER_CODE_SIGN_FLAGS = "-o hard,kill,library";
				OTHER_LDFLAGS = "-Wl,-sectcreate,__RESTRICT,__restrict,/dev/null";
				PRODUCT_BUNDLE_IDENTIFIER = "com.objective-see.lulu";
				PRODUCT_NAME = LuLu;
			};
			name = Release;
		};
/* End XCBuildConfiguration section */

/* Begin XCConfigurationList section */
		7D564DA41F18434F00B8AAD6 /* Build configuration list for PBXProject "mainApp" */ = {
			isa = XCConfigurationList;
			buildConfigurations = (
				7D564DB81F18434F00B8AAD6 /* Debug */,
				7D564DB91F18434F00B8AAD6 /* Release */,
			);
			defaultConfigurationIsVisible = 0;
			defaultConfigurationName = Release;
		};
		7D564DBA1F18434F00B8AAD6 /* Build configuration list for PBXNativeTarget "mainApp" */ = {
			isa = XCConfigurationList;
			buildConfigurations = (
				7D564DBB1F18434F00B8AAD6 /* Debug */,
				7D564DBC1F18434F00B8AAD6 /* Release */,
			);
			defaultConfigurationIsVisible = 0;
			defaultConfigurationName = Release;
		};
/* End XCConfigurationList section */
	};
	rootObject = 7D564DA11F18434F00B8AAD6 /* Project object */;
}
